
Microsoft Visual Studio Solution File, Format Version 12.00
Project("{FAE04EC0-301F-11D3-BF4B-00C04F79EFBC}") = "BlockBuilder", "BlockBuilder\BlockBuilder.csproj", "{87E2DCF7-92DC-4A88-B3D8-8DF8E90609A3}"
EndProject
Global
	GlobalSection(SolutionConfigurationPlatforms) = preSolution
		Debug|Any CPU = Debug|Any CPU
		Release|Any CPU = Release|Any CPU
	EndGlobalSection
	GlobalSection(ProjectConfigurationPlatforms) = postSolution
		{87E2DCF7-92DC-4A88-B3D8-8DF8E90609A3}.Debug|Any CPU.ActiveCfg = Debug|Any CPU
		{87E2DCF7-92DC-4A88-B3D8-8DF8E90609A3}.Debug|Any CPU.Build.0 = Debug|Any CPU
		{87E2DCF7-92DC-4A88-B3D8-8DF8E90609A3}.Release|Any CPU.ActiveCfg = Release|Any CPU
		{87E2DCF7-92DC-4A88-B3D8-8DF8E90609A3}.Release|Any CPU.Build.0 = Release|Any CPU
	EndGlobalSection
EndGlobal
